# THIS IS AN AUTOGENERATED FILE. DO NOT EDIT THIS FILE DIRECTLY.
# yarn lockfile v1


"@types/node@^20.5.8":
  version "20.8.2"
  resolved "https://registry.yarnpkg.com/@types/node/-/node-20.8.2.tgz#d76fb80d87d0d8abfe334fc6d292e83e5524efc4"
  integrity sha512-Vvycsc9FQdwhxE3y3DzeIxuEJbWGDsnrxvMADzTDF/lcdR9/K+AQIeAghTQsHtotg/q0j3WEOYS/jQgSdWue3w==

"@types/prop-types@*":
  version "15.7.8"
  resolved "https://registry.yarnpkg.com/@types/prop-types/-/prop-types-15.7.8.tgz#805eae6e8f41bd19e88917d2ea200dc992f405d3"
  integrity sha512-kMpQpfZKSCBqltAJwskgePRaYRFukDkm1oItcAbC3gNELR20XIBcN9VRgg4+m8DKsTfkWeA4m4Imp4DDuWy7FQ==

"@types/react@^18.2.24":
  version "18.2.24"
  resolved "https://registry.yarnpkg.com/@types/react/-/react-18.2.24.tgz#3c7d68c02e0205a472f04abe4a0c1df35d995c05"
  integrity sha512-Ee0Jt4sbJxMu1iDcetZEIKQr99J1Zfb6D4F3qfUWoR1JpInkY1Wdg4WwCyBjL257D0+jGqSl1twBjV8iCaC0Aw==
  dependencies:
    "@types/prop-types" "*"
    "@types/scheduler" "*"
    csstype "^3.0.2"

"@types/scheduler@*":
  version "0.16.4"
  resolved "https://registry.yarnpkg.com/@types/scheduler/-/scheduler-0.16.4.tgz#fedc3e5b15c26dc18faae96bf1317487cb3658cf"
  integrity sha512-2L9ifAGl7wmXwP4v3pN4p2FLhD0O1qsJpvKmNin5VA8+UvNVb447UDaAEV6UdrkA+m/Xs58U1RFps44x6TFsVQ==

csstype@^3.0.2:
  version "3.1.2"
  resolved "https://registry.yarnpkg.com/csstype/-/csstype-3.1.2.tgz#1d4bf9d572f11c14031f0436e1c10bc1f571f50b"
  integrity sha512-I7K1Uu0MBPzaFKg4nI5Q7Vs2t+3gWWW648spaF+Rg7pI9ds18Ugn+lvg4SHczUdKlHI5LWBXyqfS8+DufyBsgQ==

prettier@^3.0.3:
  version "3.0.3"
  resolved "https://registry.yarnpkg.com/prettier/-/prettier-3.0.3.tgz#432a51f7ba422d1469096c0fdc28e235db8f9643"
  integrity sha512-L/4pUDMxcNa8R/EthV08Zt42WBO4h1rarVtK0K+QJG0X187OLo7l699jWw0GKuwzkPQ//jMFA/8Xm6Fh3J/DAg==

typescript@^5.2.2:
  version "5.2.2"
  resolved "https://registry.yarnpkg.com/typescript/-/typescript-5.2.2.tgz#5ebb5e5a5b75f085f22bc3f8460fba308310fa78"
  integrity sha512-mI4WrpHsbCIcwT9cF4FZvr80QUeKvsUsUvKDoR+X/7XHQH98xYD8YHZg7ANtz2GtZt/CBq2QJ0thkGJMHfqc1w==
